<?xml version="1.0" encoding="utf-8"?>
<Project ToolsVersion="4.0" xmlns="http://schemas.microsoft.com/developer/msbuild/2003">
  <ItemGroup>
    <ClInclude Include="..\..\include\brimstone\factory\BasicFactory.hpp">
      <Filter>include\brimstone\factory</Filter>
    </ClInclude>
    <ClInclude Include="..\..\include\brimstone\factory\FactoryManager.hpp">
      <Filter>include\brimstone\factory</Filter>
    </ClInclude>
    <ClInclude Include="..\..\include\brimstone\factory\IFactory.hpp">
      <Filter>include\brimstone\factory</Filter>
    </ClInclude>
    <ClInclude Include="..\..\include\brimstone\factory\ThrowFactory.hpp">
      <Filter>include\brimstone\factory</Filter>
    </ClInclude>
    <ClInclude Include="..\..\include\brimstone\Exception.hpp">
      <Filter>include\brimstone</Filter>
    </ClInclude>
    <ClInclude Include="..\..\include\brimstone\util\RefType.hpp">
      <Filter>include\brimstone\util</Filter>
    </ClInclude>
    <ClInclude Include="..\..\include\brimstone\types.hpp">
      <Filter>include\brimstone</Filter>
    </ClInclude>
    <ClInclude Include="..\..\include\brimstone\Systems.hpp">
      <Filter>include\brimstone</Filter>
    </ClInclude>
    <ClInclude Include="..\..\include\brimstone\signals\Signal.hpp">
      <Filter>include\brimstone\signals</Filter>
    </ClInclude>
    <ClInclude Include="..\..\include\brimstone\util\Cast.hpp">
      <Filter>include\brimstone\util</Filter>
    </ClInclude>
    <ClInclude Include="..\..\include\brimstone\signals\Delegate.hpp">
      <Filter>include\brimstone\signals</Filter>
    </ClInclude>
    <ClInclude Include="..\..\include\brimstone\signals\ScopedConnection.hpp">
      <Filter>include\brimstone\signals</Filter>
    </ClInclude>
    <ClInclude Include="..\..\include\brimstone\WindowEvents.hpp">
      <Filter>include\brimstone</Filter>
    </ClInclude>
    <ClInclude Include="..\..\include\brimstone\util\MinMax.hpp">
      <Filter>include\brimstone\util</Filter>
    </ClInclude>
    <ClInclude Include="..\..\include\brimstone\Window.hpp">
      <Filter>include\brimstone</Filter>
    </ClInclude>
    <ClInclude Include="..\..\include\brimstone\windows\WindowsException.hpp">
      <Filter>include\brimstone\windows</Filter>
    </ClInclude>
    <ClInclude Include="..\..\include\brimstone\windows\WindowsHeader.hpp">
      <Filter>include\brimstone\windows</Filter>
    </ClInclude>
    <ClInclude Include="..\..\include\brimstone\windows\WindowsUtil.hpp">
      <Filter>include\brimstone\windows</Filter>
    </ClInclude>
    <ClInclude Include="..\..\include\brimstone\windows\WindowsWindow.hpp">
      <Filter>include\brimstone\windows</Filter>
    </ClInclude>
    <ClInclude Include="..\..\include\brimstone\util\Unicode.hpp">
      <Filter>include\brimstone\util</Filter>
    </ClInclude>
    <ClInclude Include="..\..\include\brimstone\Lua.hpp">
      <Filter>include\brimstone</Filter>
    </ClInclude>
    <ClInclude Include="..\..\include\brimstone\LuaInstance.hpp">
      <Filter>include\brimstone</Filter>
    </ClInclude>
    <ClInclude Include="..\..\include\brimstone\util\Sequence.hpp">
      <Filter>include\brimstone\util</Filter>
    </ClInclude>
    <ClInclude Include="..\..\include\brimstone\util\Misc.hpp">
      <Filter>include\brimstone\util</Filter>
    </ClInclude>
    <ClInclude Include="..\..\include\brimstone\Logger.hpp">
      <Filter>include\brimstone</Filter>
    </ClInclude>
    <ClInclude Include="..\..\include\brimstone\util\Macros.hpp">
      <Filter>include\brimstone\util</Filter>
    </ClInclude>
    <ClInclude Include="..\..\include\brimstone\bounds\Bounds2.hpp">
      <Filter>include\brimstone\bounds</Filter>
    </ClInclude>
    <ClInclude Include="..\..\include\brimstone\bounds\BoundsN.hpp">
      <Filter>include\brimstone\bounds</Filter>
    </ClInclude>
    <ClInclude Include="..\..\include\brimstone\bounds\Bounds3.hpp">
      <Filter>include\brimstone\bounds</Filter>
    </ClInclude>
    <ClInclude Include="..\..\include\brimstone\point\PointN.hpp">
      <Filter>include\brimstone\point</Filter>
    </ClInclude>
    <ClInclude Include="..\..\include\brimstone\point\Point2.hpp">
      <Filter>include\brimstone\point</Filter>
    </ClInclude>
    <ClInclude Include="..\..\include\brimstone\point\Point3.hpp">
      <Filter>include\brimstone\point</Filter>
    </ClInclude>
    <ClInclude Include="..\..\include\brimstone\Point.hpp">
      <Filter>include\brimstone</Filter>
    </ClInclude>
    <ClInclude Include="..\..\include\brimstone\Bounds.hpp">
      <Filter>include\brimstone</Filter>
    </ClInclude>
    <ClInclude Include="..\..\include\brimstone\vector\VectorN.hpp">
      <Filter>include\brimstone\vector</Filter>
    </ClInclude>
    <ClInclude Include="..\..\include\brimstone\vector\Vector2.hpp">
      <Filter>include\brimstone\vector</Filter>
    </ClInclude>
    <ClInclude Include="..\..\include\brimstone\vector\Vector3.hpp">
      <Filter>include\brimstone\vector</Filter>
    </ClInclude>
    <ClInclude Include="..\..\include\brimstone\Vector.hpp">
      <Filter>include\brimstone</Filter>
    </ClInclude>
    <ClInclude Include="..\..\include\brimstone\util\Math.hpp">
      <Filter>include\brimstone\util</Filter>
    </ClInclude>
    <ClInclude Include="..\..\include\brimstone\util\Clamp.hpp">
      <Filter>include\brimstone\util</Filter>
    </ClInclude>
    <ClInclude Include="..\..\include\brimstone\util\Array.hpp">
      <Filter>include\brimstone\util</Filter>
    </ClInclude>
    <ClInclude Include="..\..\include\brimstone\util\Range.hpp">
      <Filter>include\brimstone\util</Filter>
    </ClInclude>
    <ClInclude Include="..\..\include\brimstone\point\Point4.hpp">
      <Filter>include\brimstone\point</Filter>
    </ClInclude>
    <ClInclude Include="..\..\include\brimstone\bounds\Bounds4.hpp">
      <Filter>include\brimstone\bounds</Filter>
    </ClInclude>
    <ClInclude Include="..\..\include\brimstone\vector\Vector4.hpp">
      <Filter>include\brimstone\vector</Filter>
    </ClInclude>
    <ClInclude Include="..\..\include\brimstone\Matrix.hpp">
      <Filter>include\brimstone</Filter>
    </ClInclude>
    <ClInclude Include="..\..\include\brimstone\matrix\Matrix4x4.hpp">
      <Filter>include\brimstone\matrix</Filter>
    </ClInclude>
    <ClInclude Include="..\..\include\brimstone\matrix\Matrix3x3.hpp">
      <Filter>include\brimstone\matrix</Filter>
    </ClInclude>
    <ClInclude Include="..\..\include\brimstone\matrix\Matrix2x2.hpp">
      <Filter>include\brimstone\matrix</Filter>
    </ClInclude>
    <ClInclude Include="..\..\include\brimstone\matrix\MatrixRxC.hpp">
      <Filter>include\brimstone\matrix</Filter>
    </ClInclude>
    <ClInclude Include="..\..\include\brimstone\matrix\MatrixNxN.hpp">
      <Filter>include\brimstone\matrix</Filter>
    </ClInclude>
    <ClInclude Include="..\..\include\brimstone\Graphics.hpp">
      <Filter>include\brimstone</Filter>
    </ClInclude>
    <ClInclude Include="..\..\include\brimstone\Input.hpp">
      <Filter>include\brimstone</Filter>
    </ClInclude>
    <ClInclude Include="..\..\include\brimstone\Scheduler.hpp">
      <Filter>include\brimstone</Filter>
    </ClInclude>
    <ClInclude Include="..\..\include\brimstone\Audio.hpp">
      <Filter>include\brimstone</Filter>
    </ClInclude>
  </ItemGroup>
  <ItemGroup>
    <ClCompile Include="..\..\src\Exception.cpp">
      <Filter>src</Filter>
    </ClCompile>
    <ClCompile Include="..\..\src\Window.cpp">
      <Filter>src</Filter>
    </ClCompile>
    <ClCompile Include="..\..\src\windows\WindowsUtil.cpp">
      <Filter>src\windows</Filter>
    </ClCompile>
    <ClCompile Include="..\..\src\windows\WindowsWindow.cpp">
      <Filter>src\windows</Filter>
    </ClCompile>
    <ClCompile Include="..\..\src\WindowEvents.cpp">
      <Filter>src</Filter>
    </ClCompile>
    <ClCompile Include="..\..\src\windows\WindowsException.cpp">
      <Filter>src\windows</Filter>
    </ClCompile>
    <ClCompile Include="..\..\src\Systems.cpp">
      <Filter>src</Filter>
    </ClCompile>
    <ClCompile Include="..\..\src\util\Unicode.cpp">
      <Filter>src\util</Filter>
    </ClCompile>
    <ClCompile Include="..\..\src\Lua.cpp">
      <Filter>src</Filter>
    </ClCompile>
    <ClCompile Include="..\..\src\LuaInstance.cpp">
      <Filter>src</Filter>
    </ClCompile>
    <ClCompile Include="..\..\src\Logger.cpp">
      <Filter>src</Filter>
    </ClCompile>
    <ClCompile Include="..\..\src\util\Math.cpp">
      <Filter>src\util</Filter>
    </ClCompile>
    <ClCompile Include="..\..\src\Graphics.cpp">
      <Filter>src</Filter>
    </ClCompile>
    <ClCompile Include="..\..\src\Input.cpp">
      <Filter>src</Filter>
    </ClCompile>
    <ClCompile Include="..\..\src\Scheduler.cpp">
      <Filter>src</Filter>
    </ClCompile>
    <ClCompile Include="..\..\src\Audio.cpp">
      <Filter>src</Filter>
    </ClCompile>
  </ItemGroup>
  <ItemGroup>
    <Filter Include="src">
      <UniqueIdentifier>{28703bbd-6daa-4afb-837d-719c79a899e2}</UniqueIdentifier>
    </Filter>
    <Filter Include="include">
      <UniqueIdentifier>{ec39e10c-935c-4d19-bb26-42e302340427}</UniqueIdentifier>
    </Filter>
    <Filter Include="include\brimstone">
      <UniqueIdentifier>{38bde3bb-2b02-49aa-acb2-6ff1c4272564}</UniqueIdentifier>
    </Filter>
    <Filter Include="include\brimstone\factory">
      <UniqueIdentifier>{2fae6f86-7afb-4a01-bd88-dd0db1926e28}</UniqueIdentifier>
    </Filter>
    <Filter Include="include\brimstone\util">
      <UniqueIdentifier>{e39f32a1-24ed-4907-a4e6-ea9c5a94cac7}</UniqueIdentifier>
    </Filter>
    <Filter Include="include\brimstone\signals">
      <UniqueIdentifier>{dfb0cd41-3c79-44b5-8396-e71e2fcce5a7}</UniqueIdentifier>
    </Filter>
    <Filter Include="src\windows">
      <UniqueIdentifier>{87b8cad6-3f95-4411-b116-190b43065fcd}</UniqueIdentifier>
    </Filter>
    <Filter Include="include\brimstone\windows">
      <UniqueIdentifier>{fdc9015a-70ae-41a1-a935-f0779b2fba1d}</UniqueIdentifier>
    </Filter>
    <Filter Include="src\util">
      <UniqueIdentifier>{a52c98cb-9b60-4856-a7c9-90c931719855}</UniqueIdentifier>
    </Filter>
    <Filter Include="include\brimstone\point">
      <UniqueIdentifier>{40df068d-98bf-4df8-a545-07eb1256e797}</UniqueIdentifier>
    </Filter>
    <Filter Include="include\brimstone\bounds">
      <UniqueIdentifier>{bbd3d91b-dc4b-42b7-86f0-781555b6d3a1}</UniqueIdentifier>
    </Filter>
    <Filter Include="include\brimstone\vector">
      <UniqueIdentifier>{997561cd-dd8d-44c3-8363-6c14ab4e5328}</UniqueIdentifier>
    </Filter>
    <Filter Include="include\brimstone\matrix">
      <UniqueIdentifier>{0d045d51-2889-416f-aa6f-03ae488de5f3}</UniqueIdentifier>
    </Filter>
    <Filter Include="include\brimstone\affine">
      <UniqueIdentifier>{674065d1-8d7a-4da8-b6b8-e18238f2e0df}</UniqueIdentifier>
    </Filter>
  </ItemGroup>
</Project>